
Microsoft Visual Studio Solution File, Format Version 12.00
# Visual Studio Version 17
VisualStudioVersion = 17.1.32210.238
MinimumVisualStudioVersion = 10.0.40219.1
Project("{FAE04EC0-301F-11D3-BF4B-00C04F79EFBC}") = "PatikaDevTodoAppV2", "PatikaDevTodoAppV2.csproj", "{72586081-40D5-4297-9419-9531F7F38808}"
EndProject
Global
	GlobalSection(SolutionConfigurationPlatforms) = preSolution
		Debug|Any CPU = Debug|Any CPU
		Release|Any CPU = Release|Any CPU
	EndGlobalSection
	GlobalSection(ProjectConfigurationPlatforms) = postSolution
		{72586081-40D5-4297-9419-9531F7F38808}.Debug|Any CPU.ActiveCfg = Debug|Any CPU
		{72586081-40D5-4297-9419-9531F7F38808}.Debug|Any CPU.Build.0 = Debug|Any CPU
		{72586081-40D5-4297-9419-9531F7F38808}.Release|Any CPU.ActiveCfg = Release|Any CPU
		{72586081-40D5-4297-9419-9531F7F38808}.Release|Any CPU.Build.0 = Release|Any CPU
	EndGlobalSection
	GlobalSection(SolutionProperties) = preSolution
		HideSolutionNode = FALSE
	EndGlobalSection
	GlobalSection(ExtensibilityGlobals) = postSolution
		SolutionGuid = {0884E5E7-1529-4F63-864D-55DA762512D6}
	EndGlobalSection
EndGlobal
